
Microsoft Visual Studio Solution File, Format Version 12.00
# Visual Studio Version 17
VisualStudioVersion = 17.2.32526.322
MinimumVisualStudioVersion = 10.0.40219.1
Project("{9A19103F-16F7-4668-BE54-9A1E7A4F7556}") = "AdvertisementApp.Common", "AdvertisementApp.Common\AdvertisementApp.Common.csproj", "{DECE89FA-4656-4A23-A63F-83C7B0FC0A52}"
EndProject
Project("{9A19103F-16F7-4668-BE54-9A1E7A4F7556}") = "AdvertisementApp.Entities", "AdvertisementApp.Entities\AdvertisementApp.Entities.csproj", "{98FB9B60-F106-45B4-9811-0DE07ED6F109}"
EndProject
Project("{9A19103F-16F7-4668-BE54-9A1E7A4F7556}") = "AdvertisementApp.DataAccess", "AdvertisementApp.DataAccess\AdvertisementApp.DataAccess.csproj", "{1A3C4812-21C5-429E-AB84-8D99CD2AC2F8}"
EndProject
Project("{FAE04EC0-301F-11D3-BF4B-00C04F79EFBC}") = "AdvertisementApp.Business", "AdvertisementApp.Business\AdvertisementApp.Business.csproj", "{B3AA0DEB-201F-489D-A1B7-C9D5162906BA}"
EndProject
Project("{FAE04EC0-301F-11D3-BF4B-00C04F79EFBC}") = "AdvertisementApp.UI", "AdvertisementApp.UI\AdvertisementApp.UI.csproj", "{205FBA5E-9B37-45D2-B6A4-26D23ADE1A92}"
EndProject
Project("{FAE04EC0-301F-11D3-BF4B-00C04F79EFBC}") = "AdvertisementApp.Dtos", "AdvertisementApp.Dtos\AdvertisementApp.Dtos.csproj", "{929144A5-5CB2-4FA5-BD3D-A4C0F391DF2B}"
EndProject
Global
	GlobalSection(SolutionConfigurationPlatforms) = preSolution
		Debug|Any CPU = Debug|Any CPU
		Release|Any CPU = Release|Any CPU
	EndGlobalSection
	GlobalSection(ProjectConfigurationPlatforms) = postSolution
		{DECE89FA-4656-4A23-A63F-83C7B0FC0A52}.Debug|Any CPU.ActiveCfg = Debug|Any CPU
		{DECE89FA-4656-4A23-A63F-83C7B0FC0A52}.Debug|Any CPU.Build.0 = Debug|Any CPU
		{DECE89FA-4656-4A23-A63F-83C7B0FC0A52}.Release|Any CPU.ActiveCfg = Release|Any CPU
		{DECE89FA-4656-4A23-A63F-83C7B0FC0A52}.Release|Any CPU.Build.0 = Release|Any CPU
		{98FB9B60-F106-45B4-9811-0DE07ED6F109}.Debug|Any CPU.ActiveCfg = Debug|Any CPU
		{98FB9B60-F106-45B4-9811-0DE07ED6F109}.Debug|Any CPU.Build.0 = Debug|Any CPU
		{98FB9B60-F106-45B4-9811-0DE07ED6F109}.Release|Any CPU.ActiveCfg = Release|Any CPU
		{98FB9B60-F106-45B4-9811-0DE07ED6F109}.Release|Any CPU.Build.0 = Release|Any CPU
		{1A3C4812-21C5-429E-AB84-8D99CD2AC2F8}.Debug|Any CPU.ActiveCfg = Debug|Any CPU
		{1A3C4812-21C5-429E-AB84-8D99CD2AC2F8}.Debug|Any CPU.Build.0 = Debug|Any CPU
		{1A3C4812-21C5-429E-AB84-8D99CD2AC2F8}.Release|Any CPU.ActiveCfg = Release|Any CPU
		{1A3C4812-21C5-429E-AB84-8D99CD2AC2F8}.Release|Any CPU.Build.0 = Release|Any CPU
		{B3AA0DEB-201F-489D-A1B7-C9D5162906BA}.Debug|Any CPU.ActiveCfg = Debug|Any CPU
		{B3AA0DEB-201F-489D-A1B7-C9D5162906BA}.Debug|Any CPU.Build.0 = Debug|Any CPU
		{B3AA0DEB-201F-489D-A1B7-C9D5162906BA}.Release|Any CPU.ActiveCfg = Release|Any CPU
		{B3AA0DEB-201F-489D-A1B7-C9D5162906BA}.Release|Any CPU.Build.0 = Release|Any CPU
		{205FBA5E-9B37-45D2-B6A4-26D23ADE1A92}.Debug|Any CPU.ActiveCfg = Debug|Any CPU
		{205FBA5E-9B37-45D2-B6A4-26D23ADE1A92}.Debug|Any CPU.Build.0 = Debug|Any CPU
		{205FBA5E-9B37-45D2-B6A4-26D23ADE1A92}.Release|Any CPU.ActiveCfg = Release|Any CPU
		{205FBA5E-9B37-45D2-B6A4-26D23ADE1A92}.Release|Any CPU.Build.0 = Release|Any CPU
		{929144A5-5CB2-4FA5-BD3D-A4C0F391DF2B}.Debug|Any CPU.ActiveCfg = Debug|Any CPU
		{929144A5-5CB2-4FA5-BD3D-A4C0F391DF2B}.Debug|Any CPU.Build.0 = Debug|Any CPU
		{929144A5-5CB2-4FA5-BD3D-A4C0F391DF2B}.Release|Any CPU.ActiveCfg = Release|Any CPU
		{929144A5-5CB2-4FA5-BD3D-A4C0F391DF2B}.Release|Any CPU.Build.0 = Release|Any CPU
	EndGlobalSection
	GlobalSection(SolutionProperties) = preSolution
		HideSolutionNode = FALSE
	EndGlobalSection
	GlobalSection(ExtensibilityGlobals) = postSolution
		SolutionGuid = {B24B46DC-A077-41D0-8EEF-D9F4C2DF62E5}
	EndGlobalSection
EndGlobal
