
Microsoft Visual Studio Solution File, Format Version 12.00
# Visual Studio Version 17
VisualStudioVersion = 17.2.32526.322
MinimumVisualStudioVersion = 10.0.40219.1
Project("{FAE04EC0-301F-11D3-BF4B-00C04F79EFBC}") = "AdvertisementApp.Common", "AdvertisementApp.Common\AdvertisementApp.Common.csproj", "{DECE89FA-4656-4A23-A63F-83C7B0FC0A52}"
EndProject
Project("{FAE04EC0-301F-11D3-BF4B-00C04F79EFBC}") = "AdvertisementApp.Entities", "AdvertisementApp.Entities\AdvertisementApp.Entities.csproj", "{98FB9B60-F106-45B4-9811-0DE07ED6F109}"
EndProject
Global
	GlobalSection(SolutionConfigurationPlatforms) = preSolution
		Debug|Any CPU = Debug|Any CPU
		Release|Any CPU = Release|Any CPU
	EndGlobalSection
	GlobalSection(ProjectConfigurationPlatforms) = postSolution
		{DECE89FA-4656-4A23-A63F-83C7B0FC0A52}.Debug|Any CPU.ActiveCfg = Debug|Any CPU
		{DECE89FA-4656-4A23-A63F-83C7B0FC0A52}.Debug|Any CPU.Build.0 = Debug|Any CPU
		{DECE89FA-4656-4A23-A63F-83C7B0FC0A52}.Release|Any CPU.ActiveCfg = Release|Any CPU
		{DECE89FA-4656-4A23-A63F-83C7B0FC0A52}.Release|Any CPU.Build.0 = Release|Any CPU
		{98FB9B60-F106-45B4-9811-0DE07ED6F109}.Debug|Any CPU.ActiveCfg = Debug|Any CPU
		{98FB9B60-F106-45B4-9811-0DE07ED6F109}.Debug|Any CPU.Build.0 = Debug|Any CPU
		{98FB9B60-F106-45B4-9811-0DE07ED6F109}.Release|Any CPU.ActiveCfg = Release|Any CPU
		{98FB9B60-F106-45B4-9811-0DE07ED6F109}.Release|Any CPU.Build.0 = Release|Any CPU
	EndGlobalSection
	GlobalSection(SolutionProperties) = preSolution
		HideSolutionNode = FALSE
	EndGlobalSection
	GlobalSection(ExtensibilityGlobals) = postSolution
		SolutionGuid = {B24B46DC-A077-41D0-8EEF-D9F4C2DF62E5}
	EndGlobalSection
EndGlobal
